
Microsoft Visual Studio Solution File, Format Version 12.00
# Visual Studio Version 16
VisualStudioVersion = 16.0.29613.14
MinimumVisualStudioVersion = 10.0.40219.1
Project("{FAE04EC0-301F-11D3-BF4B-00C04F79EFBC}") = "Testafternoon", "Testafternoon.csproj", "{FA1014A7-DBAA-4232-87C4-94A00C52B1A5}"
EndProject
Global
	GlobalSection(SolutionConfigurationPlatforms) = preSolution
		Debug|Any CPU = Debug|Any CPU
		Release|Any CPU = Release|Any CPU
	EndGlobalSection
	GlobalSection(ProjectConfigurationPlatforms) = postSolution
		{FA1014A7-DBAA-4232-87C4-94A00C52B1A5}.Debug|Any CPU.ActiveCfg = Debug|Any CPU
		{FA1014A7-DBAA-4232-87C4-94A00C52B1A5}.Debug|Any CPU.Build.0 = Debug|Any CPU
		{FA1014A7-DBAA-4232-87C4-94A00C52B1A5}.Release|Any CPU.ActiveCfg = Release|Any CPU
		{FA1014A7-DBAA-4232-87C4-94A00C52B1A5}.Release|Any CPU.Build.0 = Release|Any CPU
	EndGlobalSection
	GlobalSection(SolutionProperties) = preSolution
		HideSolutionNode = FALSE
	EndGlobalSection
	GlobalSection(ExtensibilityGlobals) = postSolution
		SolutionGuid = {7714F080-4BF6-4060-BAF8-C051A4E5CDB3}
	EndGlobalSection
EndGlobal
